{
  "nodes": {
    "catppuccin": {
      "inputs": {
        "nixpkgs": "nixpkgs"
      },
      "locked": {
        "lastModified": 1780394337,
        "narHash": "sha256-qsiTng/LjFuxN5SNKIKhUWqFFbpvdpnYqRj2F7inK3k=",
        "owner": "catppuccin",
        "repo": "nix",
        "rev": "9f015db982efc83ae1eb0074960e812ee386f3bb",
        "type": "github"
      },
      "original": {
        "owner": "catppuccin",
        "repo": "nix",
        "type": "github"
      }
    },
    "home-manager": {
      "inputs": {
        "nixpkgs": "nixpkgs_2"
      },
      "locked": {
        "lastModified": 1780361225,
        "narHash": "sha256-wnV9ttf4fPWNonBIQmvlrSlNpQYgx5HgWWd007mwIFA=",
        "owner": "nix-community",
        "repo": "home-manager",
        "rev": "e28654b71096e08c019d4861ca26acb646f583d8",
        "type": "github"
      },
      "original": {
        "owner": "nix-community",
        "ref": "release-26.05",
        "repo": "home-manager",
        "type": "github"
      }
    },
    "nixpkgs": {
      "locked": {
        "lastModified": 1780246643,
        "narHash": "sha256-JZXtt4Ax1FiEArbgzhLRQ7xrNZQdHIrty5XSwOoXrm8=",
        "rev": "3109eaae18e09d0b8aef23dc2579e7d94b8d4b4e",
        "type": "tarball",
        "url": "https://releases.nixos.org/nixpkgs/nixpkgs-26.11pre1008286.3109eaae18e0/nixexprs.tar.xz"
      },
      "original": {
        "type": "tarball",
        "url": "https://channels.nixos.org/nixpkgs-unstable/nixexprs.tar.xz"
      }
    },
    "nixpkgs_2": {
      "locked": {
        "lastModified": 1779971959,
        "narHash": "sha256-R5nauXyqyfRUFiZycFFZdkF7wl6eaUpPLst35+2nJQY=",
        "owner": "NixOS",
        "repo": "nixpkgs",
        "rev": "ec942ba042dad5ef097e2ef3a3effc034241f011",
        "type": "github"
      },
      "original": {
        "owner": "NixOS",
        "ref": "nixos-26.05",
        "repo": "nixpkgs",
        "type": "github"
      }
    },
    "nixpkgs_3": {
      "locked": {
        "lastModified": 1780203844,
        "narHash": "sha256-K5sT4jTpGs15ADhviMKNBH38REpPf5Q6mM1+N6cArVE=",
        "owner": "NixOS",
        "repo": "nixpkgs",
        "rev": "b51242d7d43689db2f3be91bd05d5b24fbb469c4",
        "type": "github"
      },
      "original": {
        "owner": "NixOS",
        "ref": "nixos-26.05",
        "repo": "nixpkgs",
        "type": "github"
      }
    },
    "root": {
      "inputs": {
        "catppuccin": "catppuccin",
        "home-manager": "home-manager",
        "nixpkgs": "nixpkgs_3",
        "unstable": "unstable",
        "wallpapers": "wallpapers",
        "wayle": "wayle"
      }
    },
    "unstable": {
      "locked": {
        "lastModified": 1780243769,
        "narHash": "sha256-x5UQuRsH3MqI0U9afaXSNqzTPSeZlRLvFAav2Ux1pNw=",
        "owner": "NixOS",
        "repo": "nixpkgs",
        "rev": "331800de5053fcebacf6813adb5db9c9dca22a0c",
        "type": "github"
      },
      "original": {
        "owner": "NixOS",
        "ref": "nixos-unstable",
        "repo": "nixpkgs",
        "type": "github"
      }
    },
    "wallpapers": {
      "flake": false,
      "locked": {
        "lastModified": 1773678362,
        "narHash": "sha256-FA2VMnQEqfOfjqAIg9NMf9KPQEpQ+H37ilayAO6zCRc=",
        "owner": "nemurenaidev",
        "repo": "wallpapers",
        "rev": "b52507548128149ffed8032e03f34a43e60f452b",
        "type": "github"
      },
      "original": {
        "owner": "nemurenaidev",
        "repo": "wallpapers",
        "type": "github"
      }
    },
    "wayle": {
      "flake": false,
      "locked": {
        "lastModified": 1780316145,
        "narHash": "sha256-efJ1CTzX3thkraxQ6/LTi/xZ+52F0h0/HqCHJ1Df03A=",
        "owner": "wayle-rs",
        "repo": "wayle",
        "rev": "7c0fc846276ba705a4c68af830717cab76df2607",
        "type": "github"
      },
      "original": {
        "owner": "wayle-rs",
        "repo": "wayle",
        "type": "github"
      }
    }
  },
  "root": "root",
  "version": 7
}
